{
    "_readme": [
        "This file locks the dependencies of your project to a known state",
        "Read more about it at https://getcomposer.org/doc/01-basic-usage.md#installing-dependencies",
        "This file is @generated automatically"
    ],
    "content-hash": "4b4c742fa9e519739cc9bd01ff735567",
    "packages": [
        {
            "name": "ivome/graphql-relay-php",
            "version": "v0.6.0",
            "source": {
                "type": "git",
                "url": "https://github.com/ivome/graphql-relay-php.git",
                "reference": "7055fd45b7e552cee4d1290849b84294b0049373"
            },
            "dist": {
                "type": "zip",
                "url": "https://api.github.com/repos/ivome/graphql-relay-php/zipball/7055fd45b7e552cee4d1290849b84294b0049373",
                "reference": "7055fd45b7e552cee4d1290849b84294b0049373",
                "shasum": ""
            },
            "require": {
                "php": "^7.1 || ^8.0",
                "webonyx/graphql-php": "^14.0"
            },
            "require-dev": {
                "phpunit/phpunit": "^7.5 || ^8.5 || ^9.5",
                "satooshi/php-coveralls": "~1.0"
            },
            "type": "library",
            "autoload": {
                "classmap": [
                    "src/"
                ]
            },
            "notification-url": "https://packagist.org/downloads/",
            "license": [
                "BSD-3-Clause"
            ],
            "description": "A PHP port of GraphQL Relay reference implementation",
            "homepage": "https://github.com/ivome/graphql-relay-php",
            "keywords": [
                "Relay",
                "api",
                "graphql"
            ],
            "support": {
                "issues": "https://github.com/ivome/graphql-relay-php/issues",
                "source": "https://github.com/ivome/graphql-relay-php/tree/v0.6.0"
            },
            "time": "2021-04-24T19:31:29+00:00"
        },
        {
            "name": "webonyx/graphql-php",
            "version": "v14.9.0",
            "source": {
                "type": "git",
                "url": "https://github.com/webonyx/graphql-php.git",
                "reference": "36b83621deb5eae354347a2e86dc7aec81b32a82"
            },
            "dist": {
                "type": "zip",
                "url": "https://api.github.com/repos/webonyx/graphql-php/zipball/36b83621deb5eae354347a2e86dc7aec81b32a82",
                "reference": "36b83621deb5eae354347a2e86dc7aec81b32a82",
                "shasum": ""
            },
            "require": {
                "ext-json": "*",
                "ext-mbstring": "*",
                "php": "^7.1||^8.0"
            },
            "require-dev": {
                "amphp/amp": "^2.3",
                "doctrine/coding-standard": "^6.0",
                "nyholm/psr7": "^1.2",
                "phpbench/phpbench": "^0.16.10",
                "phpstan/extension-installer": "^1.0",
                "phpstan/phpstan": "0.12.82",
                "phpstan/phpstan-phpunit": "0.12.18",
                "phpstan/phpstan-strict-rules": "0.12.9",
                "phpunit/phpunit": "^7.2|^8.5",
                "psr/http-message": "^1.0",
                "react/promise": "2.*",
                "simpod/php-coveralls-mirror": "^3.0",
                "squizlabs/php_codesniffer": "3.5.4"
            },
            "suggest": {
                "psr/http-message": "To use standard GraphQL server",
                "react/promise": "To leverage async resolving on React PHP platform"
            },
            "type": "library",
            "autoload": {
                "psr-4": {
                    "GraphQL\\": "src/"
                }
            },
            "notification-url": "https://packagist.org/downloads/",
            "license": [
                "MIT"
            ],
            "description": "A PHP port of GraphQL reference implementation",
            "homepage": "https://github.com/webonyx/graphql-php",
            "keywords": [
                "api",
                "graphql"
            ],
            "support": {
                "issues": "https://github.com/webonyx/graphql-php/issues",
                "source": "https://github.com/webonyx/graphql-php/tree/v14.9.0"
            },
            "funding": [
                {
                    "url": "https://opencollective.com/webonyx-graphql-php",
                    "type": "open_collective"
                }
            ],
            "time": "2021-06-15T16:14:17+00:00"
        },
        {
            "name": "wp-graphql/wp-graphql",
            "version": "v1.6.5",
            "source": {
                "type": "git",
                "url": "https://github.com/wp-graphql/wp-graphql.git",
                "reference": "e5d3eeefe5b75a1395e3d80ffef4f6817cf31209"
            },
            "dist": {
                "type": "zip",
                "url": "https://api.github.com/repos/wp-graphql/wp-graphql/zipball/e5d3eeefe5b75a1395e3d80ffef4f6817cf31209",
                "reference": "e5d3eeefe5b75a1395e3d80ffef4f6817cf31209",
                "shasum": ""
            },
            "require": {
                "ivome/graphql-relay-php": "0.6.0",
                "php": "^7.1 || ^8.0",
                "webonyx/graphql-php": "14.9.0"
            },
            "require-dev": {
                "automattic/vipwpcs": "^2.2",
                "codeception/module-asserts": "^1.0",
                "codeception/module-cli": "^1.0",
                "codeception/module-db": "^1.0",
                "codeception/module-filesystem": "^1.0",
                "codeception/module-phpbrowser": "^1.0",
                "codeception/module-rest": "^1.2",
                "codeception/module-webdriver": "^1.0",
                "codeception/util-universalframework": "^1.0",
                "dealerdirect/phpcodesniffer-composer-installer": "^0.7.1",
                "lucatume/wp-browser": "^2.4",
                "phpcompatibility/phpcompatibility-wp": "^2.1.0",
                "phpstan/extension-installer": "^1.1",
                "phpstan/phpstan": "^0.12.64",
                "phpunit/phpunit": "^8.5",
                "simpod/php-coveralls-mirror": "^3.0",
                "squizlabs/php_codesniffer": "^3.5.7",
                "szepeviktor/phpstan-wordpress": "^0.7.1",
                "wp-coding-standards/wpcs": "^2.3",
                "wp-graphql/wp-graphql-testcase": "~2.1"
            },
            "type": "wordpress-plugin",
            "autoload": {
                "files": [
                    "access-functions.php",
                    "activation.php",
                    "deactivation.php"
                ],
                "psr-4": {
                    "WPGraphQL\\": "src/"
                }
            },
            "notification-url": "https://packagist.org/downloads/",
            "license": [
                "GPL-3.0-or-later"
            ],
            "authors": [
                {
                    "name": "Jason Bahl",
                    "email": "jasonbahl@mac.com"
                },
                {
                    "name": "Edwin Cromley"
                },
                {
                    "name": "Ryan Kanner"
                },
                {
                    "name": "Hughie Devore"
                },
                {
                    "name": "Chris Zarate"
                }
            ],
            "description": "GraphQL API for WordPress",
            "support": {
                "issues": "https://github.com/wp-graphql/wp-graphql/issues",
                "source": "https://github.com/wp-graphql/wp-graphql/tree/v1.6.5"
            },
            "time": "2021-09-09T19:03:36+00:00"
        },
        {
            "name": "wp-graphql/wp-graphql-acf",
            "version": "v0.5.3",
            "source": {
                "type": "git",
                "url": "https://github.com/wp-graphql/wp-graphql-acf.git",
                "reference": "0ac0529697d67192ce6b0e9fc27c5dfb3807250c"
            },
            "dist": {
                "type": "zip",
                "url": "https://api.github.com/repos/wp-graphql/wp-graphql-acf/zipball/0ac0529697d67192ce6b0e9fc27c5dfb3807250c",
                "reference": "0ac0529697d67192ce6b0e9fc27c5dfb3807250c",
                "shasum": ""
            },
            "require": {
                "php": "^7.1 || ^8.0"
            },
            "require-dev": {
                "codeception/module-asserts": "^1.0",
                "codeception/module-cli": "^1.0",
                "codeception/module-db": "^1.0",
                "codeception/module-filesystem": "^1.0",
                "codeception/module-phpbrowser": "^1.0",
                "codeception/module-rest": "^1.2",
                "codeception/module-webdriver": "^1.0",
                "codeception/util-universalframework": "^1.0",
                "dealerdirect/phpcodesniffer-composer-installer": "^0.7.1",
                "lucatume/wp-browser": "^2.4",
                "phpcompatibility/phpcompatibility-wp": "2.1.0",
                "phpstan/extension-installer": "^1.1",
                "phpstan/phpstan": "^0.12.64",
                "phpunit/phpunit": "^8.5",
                "simpod/php-coveralls-mirror": "^3.0",
                "squizlabs/php_codesniffer": "3.5.4",
                "szepeviktor/phpstan-wordpress": "^0.7.1",
                "wp-coding-standards/wpcs": "2.1.1",
                "wp-graphql/wp-graphql-testcase": "~2.1"
            },
            "type": "wordpress-plugin",
            "autoload": {
                "psr-4": {
                    "WPGraphQL\\ACF\\": "src/"
                },
                "classmap": [
                    "src/"
                ]
            },
            "notification-url": "https://packagist.org/downloads/",
            "license": [
                "GPL-3.0+"
            ],
            "authors": [
                {
                    "name": "jasonbahl",
                    "email": "jasonbahl@mac.com"
                }
            ],
            "description": "Advanced Custom Fields bindings for wp-graphql",
            "support": {
                "issues": "https://github.com/wp-graphql/wp-graphql-acf/issues",
                "source": "https://github.com/wp-graphql/wp-graphql-acf/tree/v0.5.3"
            },
            "time": "2021-07-19T22:12:00+00:00"
        }
    ],
    "packages-dev": [],
    "aliases": [],
    "minimum-stability": "stable",
    "stability-flags": [],
    "prefer-stable": false,
    "prefer-lowest": false,
    "platform": [],
    "platform-dev": [],
    "plugin-api-version": "2.1.0"
}
